PODS:
  - SnapKit (5.0.1)
  - TinkoffID (0.0.1)
  - TinkoffID/Tests (0.0.1)

DEPENDENCIES:
  - SnapKit
  - TinkoffID (from `../`)
  - TinkoffID/Tests (from `../`)

SPEC REPOS:
  trunk:
    - SnapKit

EXTERNAL SOURCES:
  TinkoffID:
    :path: "../"

SPEC CHECKSUMS:
  SnapKit: 97b92857e3df3a0c71833cce143274bf6ef8e5eb
  TinkoffID: ac03552becea632de0f13d9461621770444ae0b8

PODFILE CHECKSUM: d1e73e199c553c711c8552e3d915b504119d4beb

COCOAPODS: 1.10.1
